
Microsoft Visual Studio Solution File, Format Version 12.00
# Visual Studio Version 16
VisualStudioVersion = 16.0.29519.87
MinimumVisualStudioVersion = 10.0.40219.1
Project("{2150E333-8FDC-42A3-9474-1A3956D46DE8}") = "01.展现层", "01.展现层", "{2DCB9EBF-8095-48D5-8B8F-179FF0CA63B8}"
EndProject
Project("{2150E333-8FDC-42A3-9474-1A3956D46DE8}") = "02.业务层", "02.业务层", "{EA62BEB2-EEE9-4ABA-924D-238C6407DE89}"
EndProject
Project("{2150E333-8FDC-42A3-9474-1A3956D46DE8}") = "03.数据持久层", "03.数据持久层", "{4261B627-77F0-4861-988D-1320E508F5EC}"
EndProject
Project("{2150E333-8FDC-42A3-9474-1A3956D46DE8}") = "04.基础设施层", "04.基础设施层", "{57E102E4-F455-4AED-ABE5-5789DB29E95E}"
EndProject
Project("{9A19103F-16F7-4668-BE54-9A1E7A4F7556}") = "WM.Web.Api", "WM.Web.Api\WM.Web.Api.csproj", "{0834E50F-C12C-42FD-97ED-5B00CB57B234}"
EndProject
Project("{9A19103F-16F7-4668-BE54-9A1E7A4F7556}") = "WM.Service.App", "WM.Service.App\WM.Service.App.csproj", "{BE4EF701-B74B-4750-BF79-79EE85906E4C}"
EndProject
Project("{9A19103F-16F7-4668-BE54-9A1E7A4F7556}") = "WM.Service.Domain", "WM.Service.Domain\WM.Service.Domain.csproj", "{703D4462-6FCE-4CC2-AC23-C51AAE407005}"
EndProject
Project("{9A19103F-16F7-4668-BE54-9A1E7A4F7556}") = "X.Common", "X.Common\X.Common.csproj", "{8ED57A55-3C2E-4FBD-B0F6-E1D9E0F0FE5E}"
EndProject
Project("{9A19103F-16F7-4668-BE54-9A1E7A4F7556}") = "X.IRespository", "X.IRespository\X.IRespository.csproj", "{E99B7BD4-4D96-487D-8C6F-4C3EF9116C83}"
EndProject
Project("{9A19103F-16F7-4668-BE54-9A1E7A4F7556}") = "X.Models", "X.Models\X.Models.csproj", "{27EC9355-514B-442F-8BE1-EFAAE61A48F0}"
EndProject
Project("{9A19103F-16F7-4668-BE54-9A1E7A4F7556}") = "X.ORM", "X.ORM\X.ORM.csproj", "{82D48E95-93CF-42E1-9FB2-AFF8DFDF1ED2}"
EndProject
Project("{9A19103F-16F7-4668-BE54-9A1E7A4F7556}") = "X.Respository", "X.Respository\X.Respository.csproj", "{90E0EA6D-EBF0-4099-806D-4463A59CDDD2}"
EndProject
Project("{9A19103F-16F7-4668-BE54-9A1E7A4F7556}") = "X.TConsole", "X.TConsole\X.TConsole.csproj", "{031582D7-FEA3-4E86-9A31-17160C3AD1FB}"
EndProject
Project("{9A19103F-16F7-4668-BE54-9A1E7A4F7556}") = "WM.Infrastructure", "WM.Infrastructure\WM.Infrastructure.csproj", "{C966F195-99A5-46D4-89F3-7AB12F1AF281}"
EndProject
Project("{FAE04EC0-301F-11D3-BF4B-00C04F79EFBC}") = "WM.Api.Manager", "WM.Api.Manager\WM.Api.Manager.csproj", "{CB63F51C-149E-448D-89FF-366FEE1D037B}"
EndProject
Global
	GlobalSection(SolutionConfigurationPlatforms) = preSolution
		Debug|Any CPU = Debug|Any CPU
		Release|Any CPU = Release|Any CPU
	EndGlobalSection
	GlobalSection(ProjectConfigurationPlatforms) = postSolution
		{0834E50F-C12C-42FD-97ED-5B00CB57B234}.Debug|Any CPU.ActiveCfg = Debug|Any CPU
		{0834E50F-C12C-42FD-97ED-5B00CB57B234}.Debug|Any CPU.Build.0 = Debug|Any CPU
		{0834E50F-C12C-42FD-97ED-5B00CB57B234}.Release|Any CPU.ActiveCfg = Release|Any CPU
		{0834E50F-C12C-42FD-97ED-5B00CB57B234}.Release|Any CPU.Build.0 = Release|Any CPU
		{BE4EF701-B74B-4750-BF79-79EE85906E4C}.Debug|Any CPU.ActiveCfg = Debug|Any CPU
		{BE4EF701-B74B-4750-BF79-79EE85906E4C}.Debug|Any CPU.Build.0 = Debug|Any CPU
		{BE4EF701-B74B-4750-BF79-79EE85906E4C}.Release|Any CPU.ActiveCfg = Release|Any CPU
		{BE4EF701-B74B-4750-BF79-79EE85906E4C}.Release|Any CPU.Build.0 = Release|Any CPU
		{703D4462-6FCE-4CC2-AC23-C51AAE407005}.Debug|Any CPU.ActiveCfg = Debug|Any CPU
		{703D4462-6FCE-4CC2-AC23-C51AAE407005}.Debug|Any CPU.Build.0 = Debug|Any CPU
		{703D4462-6FCE-4CC2-AC23-C51AAE407005}.Release|Any CPU.ActiveCfg = Release|Any CPU
		{703D4462-6FCE-4CC2-AC23-C51AAE407005}.Release|Any CPU.Build.0 = Release|Any CPU
		{8ED57A55-3C2E-4FBD-B0F6-E1D9E0F0FE5E}.Debug|Any CPU.ActiveCfg = Debug|Any CPU
		{8ED57A55-3C2E-4FBD-B0F6-E1D9E0F0FE5E}.Debug|Any CPU.Build.0 = Debug|Any CPU
		{8ED57A55-3C2E-4FBD-B0F6-E1D9E0F0FE5E}.Release|Any CPU.ActiveCfg = Release|Any CPU
		{8ED57A55-3C2E-4FBD-B0F6-E1D9E0F0FE5E}.Release|Any CPU.Build.0 = Release|Any CPU
		{E99B7BD4-4D96-487D-8C6F-4C3EF9116C83}.Debug|Any CPU.ActiveCfg = Debug|Any CPU
		{E99B7BD4-4D96-487D-8C6F-4C3EF9116C83}.Debug|Any CPU.Build.0 = Debug|Any CPU
		{E99B7BD4-4D96-487D-8C6F-4C3EF9116C83}.Release|Any CPU.ActiveCfg = Release|Any CPU
		{E99B7BD4-4D96-487D-8C6F-4C3EF9116C83}.Release|Any CPU.Build.0 = Release|Any CPU
		{27EC9355-514B-442F-8BE1-EFAAE61A48F0}.Debug|Any CPU.ActiveCfg = Debug|Any CPU
		{27EC9355-514B-442F-8BE1-EFAAE61A48F0}.Debug|Any CPU.Build.0 = Debug|Any CPU
		{27EC9355-514B-442F-8BE1-EFAAE61A48F0}.Release|Any CPU.ActiveCfg = Release|Any CPU
		{27EC9355-514B-442F-8BE1-EFAAE61A48F0}.Release|Any CPU.Build.0 = Release|Any CPU
		{82D48E95-93CF-42E1-9FB2-AFF8DFDF1ED2}.Debug|Any CPU.ActiveCfg = Debug|Any CPU
		{82D48E95-93CF-42E1-9FB2-AFF8DFDF1ED2}.Debug|Any CPU.Build.0 = Debug|Any CPU
		{82D48E95-93CF-42E1-9FB2-AFF8DFDF1ED2}.Release|Any CPU.ActiveCfg = Release|Any CPU
		{82D48E95-93CF-42E1-9FB2-AFF8DFDF1ED2}.Release|Any CPU.Build.0 = Release|Any CPU
		{90E0EA6D-EBF0-4099-806D-4463A59CDDD2}.Debug|Any CPU.ActiveCfg = Debug|Any CPU
		{90E0EA6D-EBF0-4099-806D-4463A59CDDD2}.Debug|Any CPU.Build.0 = Debug|Any CPU
		{90E0EA6D-EBF0-4099-806D-4463A59CDDD2}.Release|Any CPU.ActiveCfg = Release|Any CPU
		{90E0EA6D-EBF0-4099-806D-4463A59CDDD2}.Release|Any CPU.Build.0 = Release|Any CPU
		{031582D7-FEA3-4E86-9A31-17160C3AD1FB}.Debug|Any CPU.ActiveCfg = Debug|Any CPU
		{031582D7-FEA3-4E86-9A31-17160C3AD1FB}.Debug|Any CPU.Build.0 = Debug|Any CPU
		{031582D7-FEA3-4E86-9A31-17160C3AD1FB}.Release|Any CPU.ActiveCfg = Release|Any CPU
		{031582D7-FEA3-4E86-9A31-17160C3AD1FB}.Release|Any CPU.Build.0 = Release|Any CPU
		{C966F195-99A5-46D4-89F3-7AB12F1AF281}.Debug|Any CPU.ActiveCfg = Debug|Any CPU
		{C966F195-99A5-46D4-89F3-7AB12F1AF281}.Debug|Any CPU.Build.0 = Debug|Any CPU
		{C966F195-99A5-46D4-89F3-7AB12F1AF281}.Release|Any CPU.ActiveCfg = Release|Any CPU
		{C966F195-99A5-46D4-89F3-7AB12F1AF281}.Release|Any CPU.Build.0 = Release|Any CPU
		{CB63F51C-149E-448D-89FF-366FEE1D037B}.Debug|Any CPU.ActiveCfg = Debug|Any CPU
		{CB63F51C-149E-448D-89FF-366FEE1D037B}.Debug|Any CPU.Build.0 = Debug|Any CPU
		{CB63F51C-149E-448D-89FF-366FEE1D037B}.Release|Any CPU.ActiveCfg = Release|Any CPU
		{CB63F51C-149E-448D-89FF-366FEE1D037B}.Release|Any CPU.Build.0 = Release|Any CPU
	EndGlobalSection
	GlobalSection(SolutionProperties) = preSolution
		HideSolutionNode = FALSE
	EndGlobalSection
	GlobalSection(NestedProjects) = preSolution
		{0834E50F-C12C-42FD-97ED-5B00CB57B234} = {2DCB9EBF-8095-48D5-8B8F-179FF0CA63B8}
		{BE4EF701-B74B-4750-BF79-79EE85906E4C} = {EA62BEB2-EEE9-4ABA-924D-238C6407DE89}
		{703D4462-6FCE-4CC2-AC23-C51AAE407005} = {EA62BEB2-EEE9-4ABA-924D-238C6407DE89}
		{8ED57A55-3C2E-4FBD-B0F6-E1D9E0F0FE5E} = {4261B627-77F0-4861-988D-1320E508F5EC}
		{E99B7BD4-4D96-487D-8C6F-4C3EF9116C83} = {4261B627-77F0-4861-988D-1320E508F5EC}
		{27EC9355-514B-442F-8BE1-EFAAE61A48F0} = {4261B627-77F0-4861-988D-1320E508F5EC}
		{82D48E95-93CF-42E1-9FB2-AFF8DFDF1ED2} = {4261B627-77F0-4861-988D-1320E508F5EC}
		{90E0EA6D-EBF0-4099-806D-4463A59CDDD2} = {4261B627-77F0-4861-988D-1320E508F5EC}
		{031582D7-FEA3-4E86-9A31-17160C3AD1FB} = {4261B627-77F0-4861-988D-1320E508F5EC}
		{C966F195-99A5-46D4-89F3-7AB12F1AF281} = {57E102E4-F455-4AED-ABE5-5789DB29E95E}
		{CB63F51C-149E-448D-89FF-366FEE1D037B} = {2DCB9EBF-8095-48D5-8B8F-179FF0CA63B8}
	EndGlobalSection
	GlobalSection(ExtensibilityGlobals) = postSolution
		SolutionGuid = {D6379014-6E10-40F4-9B96-87E1DF95E7BE}
	EndGlobalSection
EndGlobal
